PODS:
  - composeApp (1.0.0):
    - GoogleMaps (= 8.2.0)
  - GoogleMaps (8.2.0):
    - GoogleMaps/Maps (= 8.2.0)
  - GoogleMaps/Base (8.2.0)
  - GoogleMaps/Maps (8.2.0):
    - GoogleMaps/Base

DEPENDENCIES:
  - composeApp (from `../composeApp`)

SPEC REPOS:
  trunk:
    - GoogleMaps

EXTERNAL SOURCES:
  composeApp:
    :path: "../composeApp"

SPEC CHECKSUMS:
  composeApp: 82d184e8332fe465898f61fc810fbea90ca8a5b0
  GoogleMaps: 081f2547b60a1c0870a8f49166a653900e5055d5

PODFILE CHECKSUM: 3313a530e4ca4361dd2a9b97cf3c536967731c31

COCOAPODS: 1.14.2
